[[package]]
name = "urbit/hoon"
version = "latest"

[package.source]
type = "git"
url = "https://github.com/urbit/urbit"
commit = "c767abc8f5010684c17dc7a48a93b75359d143e7"
path = "pkg/arvo/sys"

[[package]]
name = "urbit/zuse"
version = "k409"

[package.source]
type = "git"
url = "https://github.com/urbit/urbit"
commit = "c767abc8f5010684c17dc7a48a93b75359d143e7"
path = "pkg/arvo/sys"

[[package]]
name = "nockchain/common/ztd/four"
version = "latest"

[package.source]
type = "git"
url = "https://github.com/nockchain/nockchain"
commit = "5039878a77b1ec4e42e4e56fb95f3aa63398ce49"
path = "hoon/common/ztd"

[[package]]
name = "nockchain/common/ztd/one"
version = "latest"

[package.source]
type = "git"
url = "https://github.com/nockchain/nockchain"
commit = "5039878a77b1ec4e42e4e56fb95f3aa63398ce49"
path = "hoon/common/ztd"

[[package]]
name = "nockchain/common/ztd/six"
version = "latest"

[package.source]
type = "git"
url = "https://github.com/nockchain/nockchain"
commit = "5039878a77b1ec4e42e4e56fb95f3aa63398ce49"
path = "hoon/common/ztd"

[[package]]
name = "nockchain/common/zeke"
version = "latest"

[package.source]
type = "git"
url = "https://github.com/nockchain/nockchain"
commit = "5039878a77b1ec4e42e4e56fb95f3aa63398ce49"
path = "hoon/common"

[[package]]
name = "sequent"
version = "commit:7fc95fd4d6df7548cf354c9c91df2980e902770d"

[package.source]
type = "git"
url = "https://github.com/jackfoxy/sequent"
commit = "7fc95fd4d6df7548cf354c9c91df2980e902770d"
path = "desk"

[[package]]
name = "nockchain/common/ztd/eight"
version = "latest"

[package.source]
type = "git"
url = "https://github.com/nockchain/nockchain"
commit = "5039878a77b1ec4e42e4e56fb95f3aa63398ce49"
path = "hoon/common/ztd"

[[package]]
name = "nockchain/zose"
version = "latest"

[package.source]
type = "git"
url = "https://github.com/nockchain/nockchain"
commit = "5039878a77b1ec4e42e4e56fb95f3aa63398ce49"
path = "hoon/common"

[[package]]
name = "nockchain/common/ztd/seven"
version = "latest"

[package.source]
type = "git"
url = "https://github.com/nockchain/nockchain"
commit = "5039878a77b1ec4e42e4e56fb95f3aa63398ce49"
path = "hoon/common/ztd"

[[package]]
name = "nockchain/common/ztd/three"
version = "latest"

[package.source]
type = "git"
url = "https://github.com/nockchain/nockchain"
commit = "5039878a77b1ec4e42e4e56fb95f3aa63398ce49"
path = "hoon/common/ztd"

[[package]]
name = "nockchain/common/ztd/two"
version = "latest"

[package.source]
type = "git"
url = "https://github.com/nockchain/nockchain"
commit = "5039878a77b1ec4e42e4e56fb95f3aa63398ce49"
path = "hoon/common/ztd"

[[package]]
name = "urbit/lull"
version = "latest"

[package.source]
type = "git"
url = "https://github.com/urbit/urbit"
commit = "c767abc8f5010684c17dc7a48a93b75359d143e7"
path = "pkg/arvo/sys"

[[package]]
name = "nockchain/common/ztd/five"
version = "latest"

[package.source]
type = "git"
url = "https://github.com/nockchain/nockchain"
commit = "5039878a77b1ec4e42e4e56fb95f3aa63398ce49"
path = "hoon/common/ztd"
